
Microsoft Visual Studio Solution File, Format Version 12.00
Project("{FAE04EC0-301F-11D3-BF4B-00C04F79EFBC}") = "OrderService.Api", "OrderService.Api\OrderService.Api.csproj", "{56416E3D-9BAE-4038-8D40-E8A9D37BCDA0}"
EndProject
Project("{FAE04EC0-301F-11D3-BF4B-00C04F79EFBC}") = "OrderService.Model", "OrderService.Model\OrderService.Model.csproj", "{39EF1321-1955-4F88-A9E7-99E342FE55C7}"
EndProject
Project("{FAE04EC0-301F-11D3-BF4B-00C04F79EFBC}") = "OrderService.Repository", "OrderService.Repository\OrderService.Repository.csproj", "{5F783C22-B3EE-4C93-A0E4-4490D439F906}"
EndProject
Project("{FAE04EC0-301F-11D3-BF4B-00C04F79EFBC}") = "OrderService.Domain", "OrderService.Domain\OrderService.Domain.csproj", "{61451F14-7DAF-4673-8116-3D312B005274}"
EndProject
Project("{FAE04EC0-301F-11D3-BF4B-00C04F79EFBC}") = "OrderService.Service", "OrderService.Service\OrderService.Service.csproj", "{1984FB38-268B-4CB4-B0E2-D48B2F308119}"
EndProject
Project("{FAE04EC0-301F-11D3-BF4B-00C04F79EFBC}") = "OrderService.Infrastructure", "OrderService.Infrastructure\OrderService.Infrastructure.csproj", "{CD0E207F-1B69-474F-954B-7F76BB1F8D74}"
EndProject
Global
	GlobalSection(SolutionConfigurationPlatforms) = preSolution
		Debug|Any CPU = Debug|Any CPU
		Release|Any CPU = Release|Any CPU
	EndGlobalSection
	GlobalSection(ProjectConfigurationPlatforms) = postSolution
		{56416E3D-9BAE-4038-8D40-E8A9D37BCDA0}.Debug|Any CPU.ActiveCfg = Debug|Any CPU
		{56416E3D-9BAE-4038-8D40-E8A9D37BCDA0}.Debug|Any CPU.Build.0 = Debug|Any CPU
		{56416E3D-9BAE-4038-8D40-E8A9D37BCDA0}.Release|Any CPU.ActiveCfg = Release|Any CPU
		{56416E3D-9BAE-4038-8D40-E8A9D37BCDA0}.Release|Any CPU.Build.0 = Release|Any CPU
		{39EF1321-1955-4F88-A9E7-99E342FE55C7}.Debug|Any CPU.ActiveCfg = Debug|Any CPU
		{39EF1321-1955-4F88-A9E7-99E342FE55C7}.Debug|Any CPU.Build.0 = Debug|Any CPU
		{39EF1321-1955-4F88-A9E7-99E342FE55C7}.Release|Any CPU.ActiveCfg = Release|Any CPU
		{39EF1321-1955-4F88-A9E7-99E342FE55C7}.Release|Any CPU.Build.0 = Release|Any CPU
		{5F783C22-B3EE-4C93-A0E4-4490D439F906}.Debug|Any CPU.ActiveCfg = Debug|Any CPU
		{5F783C22-B3EE-4C93-A0E4-4490D439F906}.Debug|Any CPU.Build.0 = Debug|Any CPU
		{5F783C22-B3EE-4C93-A0E4-4490D439F906}.Release|Any CPU.ActiveCfg = Release|Any CPU
		{5F783C22-B3EE-4C93-A0E4-4490D439F906}.Release|Any CPU.Build.0 = Release|Any CPU
		{61451F14-7DAF-4673-8116-3D312B005274}.Debug|Any CPU.ActiveCfg = Debug|Any CPU
		{61451F14-7DAF-4673-8116-3D312B005274}.Debug|Any CPU.Build.0 = Debug|Any CPU
		{61451F14-7DAF-4673-8116-3D312B005274}.Release|Any CPU.ActiveCfg = Release|Any CPU
		{61451F14-7DAF-4673-8116-3D312B005274}.Release|Any CPU.Build.0 = Release|Any CPU
		{1984FB38-268B-4CB4-B0E2-D48B2F308119}.Debug|Any CPU.ActiveCfg = Debug|Any CPU
		{1984FB38-268B-4CB4-B0E2-D48B2F308119}.Debug|Any CPU.Build.0 = Debug|Any CPU
		{1984FB38-268B-4CB4-B0E2-D48B2F308119}.Release|Any CPU.ActiveCfg = Release|Any CPU
		{1984FB38-268B-4CB4-B0E2-D48B2F308119}.Release|Any CPU.Build.0 = Release|Any CPU
		{CD0E207F-1B69-474F-954B-7F76BB1F8D74}.Debug|Any CPU.ActiveCfg = Debug|Any CPU
		{CD0E207F-1B69-474F-954B-7F76BB1F8D74}.Debug|Any CPU.Build.0 = Debug|Any CPU
		{CD0E207F-1B69-474F-954B-7F76BB1F8D74}.Release|Any CPU.ActiveCfg = Release|Any CPU
		{CD0E207F-1B69-474F-954B-7F76BB1F8D74}.Release|Any CPU.Build.0 = Release|Any CPU
	EndGlobalSection
EndGlobal
